
Microsoft Visual Studio Solution File, Format Version 12.00
# Visual Studio Version 16
VisualStudioVersion = 16.0.31019.35
MinimumVisualStudioVersion = 10.0.40219.1
Project("{FAE04EC0-301F-11D3-BF4B-00C04F79EFBC}") = "Hastane-Projesi", "Hastane-Projesi\Hastane-Projesi.csproj", "{CFBB08B8-8EC1-464C-A42B-F9D20FC258C1}"
EndProject
Global
	GlobalSection(SolutionConfigurationPlatforms) = preSolution
		Debug|Any CPU = Debug|Any CPU
		Release|Any CPU = Release|Any CPU
	EndGlobalSection
	GlobalSection(ProjectConfigurationPlatforms) = postSolution
		{CFBB08B8-8EC1-464C-A42B-F9D20FC258C1}.Debug|Any CPU.ActiveCfg = Debug|Any CPU
		{CFBB08B8-8EC1-464C-A42B-F9D20FC258C1}.Debug|Any CPU.Build.0 = Debug|Any CPU
		{CFBB08B8-8EC1-464C-A42B-F9D20FC258C1}.Release|Any CPU.ActiveCfg = Release|Any CPU
		{CFBB08B8-8EC1-464C-A42B-F9D20FC258C1}.Release|Any CPU.Build.0 = Release|Any CPU
	EndGlobalSection
	GlobalSection(SolutionProperties) = preSolution
		HideSolutionNode = FALSE
	EndGlobalSection
	GlobalSection(ExtensibilityGlobals) = postSolution
		SolutionGuid = {5BF39E13-4508-4ABC-A06C-5DE0F3B016EB}
	EndGlobalSection
EndGlobal
